
Microsoft Visual Studio Solution File, Format Version 12.00
# Visual Studio 15
Project("{FAE04EC0-301F-11D3-BF4B-00C04F79EFBC}") = "Datarynx.Android", "Datarynx.Android\Datarynx.Android.csproj", "{BDA03B00-318E-4BEB-88DE-C3B174512A5B}"
EndProject
Project("{FAE04EC0-301F-11D3-BF4B-00C04F79EFBC}") = "Datarynx.iOS", "Datarynx.iOS\Datarynx.iOS.csproj", "{E6CEBD31-AF4B-423A-90A1-030ECE712439}"
EndProject
Project("{FAE04EC0-301F-11D3-BF4B-00C04F79EFBC}") = "Datarynx", "Datarynx\Datarynx.csproj", "{7F2B6389-118D-4E5F-BA80-0B12DED8D06E}"
EndProject
Global
	GlobalSection(SolutionConfigurationPlatforms) = preSolution
		Debug|Any CPU = Debug|Any CPU
		Release|Any CPU = Release|Any CPU
		Debug|iPhoneSimulator = Debug|iPhoneSimulator
		Release|iPhoneSimulator = Release|iPhoneSimulator
		Debug|iPhone = Debug|iPhone
		Release|iPhone = Release|iPhone
	EndGlobalSection
	GlobalSection(ProjectConfigurationPlatforms) = postSolution
		{BDA03B00-318E-4BEB-88DE-C3B174512A5B}.Debug|Any CPU.ActiveCfg = Debug|Any CPU
		{BDA03B00-318E-4BEB-88DE-C3B174512A5B}.Debug|Any CPU.Build.0 = Debug|Any CPU
		{BDA03B00-318E-4BEB-88DE-C3B174512A5B}.Release|Any CPU.ActiveCfg = Release|Any CPU
		{BDA03B00-318E-4BEB-88DE-C3B174512A5B}.Release|Any CPU.Build.0 = Release|Any CPU
		{BDA03B00-318E-4BEB-88DE-C3B174512A5B}.Debug|iPhoneSimulator.ActiveCfg = Debug|Any CPU
		{BDA03B00-318E-4BEB-88DE-C3B174512A5B}.Debug|iPhoneSimulator.Build.0 = Debug|Any CPU
		{BDA03B00-318E-4BEB-88DE-C3B174512A5B}.Release|iPhoneSimulator.ActiveCfg = Release|Any CPU
		{BDA03B00-318E-4BEB-88DE-C3B174512A5B}.Release|iPhoneSimulator.Build.0 = Release|Any CPU
		{BDA03B00-318E-4BEB-88DE-C3B174512A5B}.Debug|iPhone.ActiveCfg = Debug|Any CPU
		{BDA03B00-318E-4BEB-88DE-C3B174512A5B}.Debug|iPhone.Build.0 = Debug|Any CPU
		{BDA03B00-318E-4BEB-88DE-C3B174512A5B}.Release|iPhone.ActiveCfg = Release|Any CPU
		{BDA03B00-318E-4BEB-88DE-C3B174512A5B}.Release|iPhone.Build.0 = Release|Any CPU
		{E6CEBD31-AF4B-423A-90A1-030ECE712439}.Debug|Any CPU.ActiveCfg = Debug|iPhoneSimulator
		{E6CEBD31-AF4B-423A-90A1-030ECE712439}.Debug|Any CPU.Build.0 = Debug|iPhoneSimulator
		{E6CEBD31-AF4B-423A-90A1-030ECE712439}.Release|Any CPU.ActiveCfg = Release|iPhoneSimulator
		{E6CEBD31-AF4B-423A-90A1-030ECE712439}.Release|Any CPU.Build.0 = Release|iPhoneSimulator
		{E6CEBD31-AF4B-423A-90A1-030ECE712439}.Debug|iPhoneSimulator.ActiveCfg = Debug|iPhoneSimulator
		{E6CEBD31-AF4B-423A-90A1-030ECE712439}.Debug|iPhoneSimulator.Build.0 = Debug|iPhoneSimulator
		{E6CEBD31-AF4B-423A-90A1-030ECE712439}.Release|iPhoneSimulator.ActiveCfg = Release|iPhoneSimulator
		{E6CEBD31-AF4B-423A-90A1-030ECE712439}.Release|iPhoneSimulator.Build.0 = Release|iPhoneSimulator
		{E6CEBD31-AF4B-423A-90A1-030ECE712439}.Debug|iPhone.ActiveCfg = Debug|iPhone
		{E6CEBD31-AF4B-423A-90A1-030ECE712439}.Debug|iPhone.Build.0 = Debug|iPhone
		{E6CEBD31-AF4B-423A-90A1-030ECE712439}.Release|iPhone.ActiveCfg = Release|iPhone
		{E6CEBD31-AF4B-423A-90A1-030ECE712439}.Release|iPhone.Build.0 = Release|iPhone
		{7F2B6389-118D-4E5F-BA80-0B12DED8D06E}.Debug|Any CPU.ActiveCfg = Debug|Any CPU
		{7F2B6389-118D-4E5F-BA80-0B12DED8D06E}.Debug|Any CPU.Build.0 = Debug|Any CPU
		{7F2B6389-118D-4E5F-BA80-0B12DED8D06E}.Release|Any CPU.ActiveCfg = Release|Any CPU
		{7F2B6389-118D-4E5F-BA80-0B12DED8D06E}.Release|Any CPU.Build.0 = Release|Any CPU
		{7F2B6389-118D-4E5F-BA80-0B12DED8D06E}.Debug|iPhoneSimulator.ActiveCfg = Debug|Any CPU
		{7F2B6389-118D-4E5F-BA80-0B12DED8D06E}.Debug|iPhoneSimulator.Build.0 = Debug|Any CPU
		{7F2B6389-118D-4E5F-BA80-0B12DED8D06E}.Release|iPhoneSimulator.ActiveCfg = Release|Any CPU
		{7F2B6389-118D-4E5F-BA80-0B12DED8D06E}.Release|iPhoneSimulator.Build.0 = Release|Any CPU
		{7F2B6389-118D-4E5F-BA80-0B12DED8D06E}.Debug|iPhone.ActiveCfg = Debug|Any CPU
		{7F2B6389-118D-4E5F-BA80-0B12DED8D06E}.Debug|iPhone.Build.0 = Debug|Any CPU
		{7F2B6389-118D-4E5F-BA80-0B12DED8D06E}.Release|iPhone.ActiveCfg = Release|Any CPU
		{7F2B6389-118D-4E5F-BA80-0B12DED8D06E}.Release|iPhone.Build.0 = Release|Any CPU
	EndGlobalSection
EndGlobal
